
Microsoft Visual Studio Solution File, Format Version 12.00
# Visual Studio Version 16
VisualStudioVersion = 16.0.29215.179
MinimumVisualStudioVersion = 10.0.40219.1
Project("{FAE04EC0-301F-11D3-BF4B-00C04F79EFBC}") = "CompositionProToolkit", "CompositionProToolkit\CompositionProToolkit.csproj", "{7E1B6899-A1FD-4799-9BF3-B56190E9BE74}"
EndProject
Project("{8BC9CEB8-8B4A-11D0-8D11-00A0C91BC942}") = "CompositionDeviceHelper", "CompositionDeviceHelper\CompositionDeviceHelper.vcxproj", "{7123AC5E-DEE5-4373-9AC5-4F85478598C4}"
EndProject
Project("{FAE04EC0-301F-11D3-BF4B-00C04F79EFBC}") = "CompositionProToolkit.Controls", "CompositionProToolkit.Controls\CompositionProToolkit.Controls.csproj", "{D732325A-2E54-4EE9-9F39-0A5E7BB3F385}"
EndProject
Project("{FAE04EC0-301F-11D3-BF4B-00C04F79EFBC}") = "ToolkitGallery", "ToolkitGallery\ToolkitGallery.csproj", "{8E060080-43C3-402F-AFD4-20C23BC907A8}"
EndProject
Global
	GlobalSection(SolutionConfigurationPlatforms) = preSolution
		Debug|Any CPU = Debug|Any CPU
		Debug|ARM = Debug|ARM
		Debug|ARM64 = Debug|ARM64
		Debug|x64 = Debug|x64
		Debug|x86 = Debug|x86
		Release|Any CPU = Release|Any CPU
		Release|ARM = Release|ARM
		Release|ARM64 = Release|ARM64
		Release|x64 = Release|x64
		Release|x86 = Release|x86
	EndGlobalSection
	GlobalSection(ProjectConfigurationPlatforms) = postSolution
		{7E1B6899-A1FD-4799-9BF3-B56190E9BE74}.Debug|Any CPU.ActiveCfg = Debug|Any CPU
		{7E1B6899-A1FD-4799-9BF3-B56190E9BE74}.Debug|Any CPU.Build.0 = Debug|Any CPU
		{7E1B6899-A1FD-4799-9BF3-B56190E9BE74}.Debug|ARM.ActiveCfg = Debug|ARM
		{7E1B6899-A1FD-4799-9BF3-B56190E9BE74}.Debug|ARM.Build.0 = Debug|ARM
		{7E1B6899-A1FD-4799-9BF3-B56190E9BE74}.Debug|ARM64.ActiveCfg = Debug|Any CPU
		{7E1B6899-A1FD-4799-9BF3-B56190E9BE74}.Debug|ARM64.Build.0 = Debug|Any CPU
		{7E1B6899-A1FD-4799-9BF3-B56190E9BE74}.Debug|x64.ActiveCfg = Debug|x64
		{7E1B6899-A1FD-4799-9BF3-B56190E9BE74}.Debug|x64.Build.0 = Debug|x64
		{7E1B6899-A1FD-4799-9BF3-B56190E9BE74}.Debug|x86.ActiveCfg = Debug|x86
		{7E1B6899-A1FD-4799-9BF3-B56190E9BE74}.Debug|x86.Build.0 = Debug|x86
		{7E1B6899-A1FD-4799-9BF3-B56190E9BE74}.Release|Any CPU.ActiveCfg = Release|Any CPU
		{7E1B6899-A1FD-4799-9BF3-B56190E9BE74}.Release|Any CPU.Build.0 = Release|Any CPU
		{7E1B6899-A1FD-4799-9BF3-B56190E9BE74}.Release|ARM.ActiveCfg = Release|ARM
		{7E1B6899-A1FD-4799-9BF3-B56190E9BE74}.Release|ARM.Build.0 = Release|ARM
		{7E1B6899-A1FD-4799-9BF3-B56190E9BE74}.Release|ARM64.ActiveCfg = Release|Any CPU
		{7E1B6899-A1FD-4799-9BF3-B56190E9BE74}.Release|ARM64.Build.0 = Release|Any CPU
		{7E1B6899-A1FD-4799-9BF3-B56190E9BE74}.Release|x64.ActiveCfg = Release|x64
		{7E1B6899-A1FD-4799-9BF3-B56190E9BE74}.Release|x64.Build.0 = Release|x64
		{7E1B6899-A1FD-4799-9BF3-B56190E9BE74}.Release|x86.ActiveCfg = Release|x86
		{7E1B6899-A1FD-4799-9BF3-B56190E9BE74}.Release|x86.Build.0 = Release|x86
		{7123AC5E-DEE5-4373-9AC5-4F85478598C4}.Debug|Any CPU.ActiveCfg = Debug|Win32
		{7123AC5E-DEE5-4373-9AC5-4F85478598C4}.Debug|ARM.ActiveCfg = Debug|ARM
		{7123AC5E-DEE5-4373-9AC5-4F85478598C4}.Debug|ARM.Build.0 = Debug|ARM
		{7123AC5E-DEE5-4373-9AC5-4F85478598C4}.Debug|ARM64.ActiveCfg = Debug|Win32
		{7123AC5E-DEE5-4373-9AC5-4F85478598C4}.Debug|x64.ActiveCfg = Debug|x64
		{7123AC5E-DEE5-4373-9AC5-4F85478598C4}.Debug|x64.Build.0 = Debug|x64
		{7123AC5E-DEE5-4373-9AC5-4F85478598C4}.Debug|x86.ActiveCfg = Debug|Win32
		{7123AC5E-DEE5-4373-9AC5-4F85478598C4}.Debug|x86.Build.0 = Debug|Win32
		{7123AC5E-DEE5-4373-9AC5-4F85478598C4}.Release|Any CPU.ActiveCfg = Release|Win32
		{7123AC5E-DEE5-4373-9AC5-4F85478598C4}.Release|ARM.ActiveCfg = Release|ARM
		{7123AC5E-DEE5-4373-9AC5-4F85478598C4}.Release|ARM.Build.0 = Release|ARM
		{7123AC5E-DEE5-4373-9AC5-4F85478598C4}.Release|ARM64.ActiveCfg = Release|Win32
		{7123AC5E-DEE5-4373-9AC5-4F85478598C4}.Release|x64.ActiveCfg = Release|x64
		{7123AC5E-DEE5-4373-9AC5-4F85478598C4}.Release|x64.Build.0 = Release|x64
		{7123AC5E-DEE5-4373-9AC5-4F85478598C4}.Release|x86.ActiveCfg = Release|Win32
		{7123AC5E-DEE5-4373-9AC5-4F85478598C4}.Release|x86.Build.0 = Release|Win32
		{D732325A-2E54-4EE9-9F39-0A5E7BB3F385}.Debug|Any CPU.ActiveCfg = Debug|Any CPU
		{D732325A-2E54-4EE9-9F39-0A5E7BB3F385}.Debug|Any CPU.Build.0 = Debug|Any CPU
		{D732325A-2E54-4EE9-9F39-0A5E7BB3F385}.Debug|ARM.ActiveCfg = Debug|ARM
		{D732325A-2E54-4EE9-9F39-0A5E7BB3F385}.Debug|ARM.Build.0 = Debug|ARM
		{D732325A-2E54-4EE9-9F39-0A5E7BB3F385}.Debug|ARM64.ActiveCfg = Debug|ARM64
		{D732325A-2E54-4EE9-9F39-0A5E7BB3F385}.Debug|ARM64.Build.0 = Debug|ARM64
		{D732325A-2E54-4EE9-9F39-0A5E7BB3F385}.Debug|x64.ActiveCfg = Debug|x64
		{D732325A-2E54-4EE9-9F39-0A5E7BB3F385}.Debug|x64.Build.0 = Debug|x64
		{D732325A-2E54-4EE9-9F39-0A5E7BB3F385}.Debug|x86.ActiveCfg = Debug|x86
		{D732325A-2E54-4EE9-9F39-0A5E7BB3F385}.Debug|x86.Build.0 = Debug|x86
		{D732325A-2E54-4EE9-9F39-0A5E7BB3F385}.Release|Any CPU.ActiveCfg = Release|Any CPU
		{D732325A-2E54-4EE9-9F39-0A5E7BB3F385}.Release|Any CPU.Build.0 = Release|Any CPU
		{D732325A-2E54-4EE9-9F39-0A5E7BB3F385}.Release|ARM.ActiveCfg = Release|ARM
		{D732325A-2E54-4EE9-9F39-0A5E7BB3F385}.Release|ARM.Build.0 = Release|ARM
		{D732325A-2E54-4EE9-9F39-0A5E7BB3F385}.Release|ARM64.ActiveCfg = Release|ARM64
		{D732325A-2E54-4EE9-9F39-0A5E7BB3F385}.Release|ARM64.Build.0 = Release|ARM64
		{D732325A-2E54-4EE9-9F39-0A5E7BB3F385}.Release|x64.ActiveCfg = Release|x64
		{D732325A-2E54-4EE9-9F39-0A5E7BB3F385}.Release|x64.Build.0 = Release|x64
		{D732325A-2E54-4EE9-9F39-0A5E7BB3F385}.Release|x86.ActiveCfg = Release|x86
		{D732325A-2E54-4EE9-9F39-0A5E7BB3F385}.Release|x86.Build.0 = Release|x86
		{8E060080-43C3-402F-AFD4-20C23BC907A8}.Debug|Any CPU.ActiveCfg = Debug|x86
		{8E060080-43C3-402F-AFD4-20C23BC907A8}.Debug|ARM.ActiveCfg = Debug|ARM
		{8E060080-43C3-402F-AFD4-20C23BC907A8}.Debug|ARM.Build.0 = Debug|ARM
		{8E060080-43C3-402F-AFD4-20C23BC907A8}.Debug|ARM.Deploy.0 = Debug|ARM
		{8E060080-43C3-402F-AFD4-20C23BC907A8}.Debug|ARM64.ActiveCfg = Debug|ARM64
		{8E060080-43C3-402F-AFD4-20C23BC907A8}.Debug|ARM64.Build.0 = Debug|ARM64
		{8E060080-43C3-402F-AFD4-20C23BC907A8}.Debug|ARM64.Deploy.0 = Debug|ARM64
		{8E060080-43C3-402F-AFD4-20C23BC907A8}.Debug|x64.ActiveCfg = Debug|x64
		{8E060080-43C3-402F-AFD4-20C23BC907A8}.Debug|x64.Build.0 = Debug|x64
		{8E060080-43C3-402F-AFD4-20C23BC907A8}.Debug|x64.Deploy.0 = Debug|x64
		{8E060080-43C3-402F-AFD4-20C23BC907A8}.Debug|x86.ActiveCfg = Debug|x86
		{8E060080-43C3-402F-AFD4-20C23BC907A8}.Debug|x86.Build.0 = Debug|x86
		{8E060080-43C3-402F-AFD4-20C23BC907A8}.Debug|x86.Deploy.0 = Debug|x86
		{8E060080-43C3-402F-AFD4-20C23BC907A8}.Release|Any CPU.ActiveCfg = Release|x86
		{8E060080-43C3-402F-AFD4-20C23BC907A8}.Release|ARM.ActiveCfg = Release|ARM
		{8E060080-43C3-402F-AFD4-20C23BC907A8}.Release|ARM.Build.0 = Release|ARM
		{8E060080-43C3-402F-AFD4-20C23BC907A8}.Release|ARM.Deploy.0 = Release|ARM
		{8E060080-43C3-402F-AFD4-20C23BC907A8}.Release|ARM64.ActiveCfg = Release|ARM64
		{8E060080-43C3-402F-AFD4-20C23BC907A8}.Release|ARM64.Build.0 = Release|ARM64
		{8E060080-43C3-402F-AFD4-20C23BC907A8}.Release|ARM64.Deploy.0 = Release|ARM64
		{8E060080-43C3-402F-AFD4-20C23BC907A8}.Release|x64.ActiveCfg = Release|x64
		{8E060080-43C3-402F-AFD4-20C23BC907A8}.Release|x64.Build.0 = Release|x64
		{8E060080-43C3-402F-AFD4-20C23BC907A8}.Release|x64.Deploy.0 = Release|x64
		{8E060080-43C3-402F-AFD4-20C23BC907A8}.Release|x86.ActiveCfg = Release|x86
		{8E060080-43C3-402F-AFD4-20C23BC907A8}.Release|x86.Build.0 = Release|x86
		{8E060080-43C3-402F-AFD4-20C23BC907A8}.Release|x86.Deploy.0 = Release|x86
	EndGlobalSection
	GlobalSection(SolutionProperties) = preSolution
		HideSolutionNode = FALSE
	EndGlobalSection
	GlobalSection(ExtensibilityGlobals) = postSolution
		SolutionGuid = {91A68D94-C0C5-4679-9F97-DA596DB10F1A}
	EndGlobalSection
EndGlobal
