
Microsoft Visual Studio Solution File, Format Version 12.00
# Visual Studio 14
VisualStudioVersion = 14.0.25123.0
MinimumVisualStudioVersion = 10.0.40219.1
Project("{FAE04EC0-301F-11D3-BF4B-00C04F79EFBC}") = "CompositionProToolkit", "CompositionProToolkit\CompositionProToolkit.csproj", "{9300E54C-338C-4AD7-BAAC-BCBD32A660CF}"
EndProject
Project("{FAE04EC0-301F-11D3-BF4B-00C04F79EFBC}") = "CompositionProToolkit.Ref", "CompositionProToolkit.Ref\CompositionProToolkit.Ref.csproj", "{F80F0765-6528-47A0-8692-D1D5C105A2E0}"
EndProject
Global
	GlobalSection(SolutionConfigurationPlatforms) = preSolution
		Debug|Any CPU = Debug|Any CPU
		Debug|ARM = Debug|ARM
		Debug|x64 = Debug|x64
		Debug|x86 = Debug|x86
		Release|Any CPU = Release|Any CPU
		Release|ARM = Release|ARM
		Release|x64 = Release|x64
		Release|x86 = Release|x86
	EndGlobalSection
	GlobalSection(ProjectConfigurationPlatforms) = postSolution
		{9300E54C-338C-4AD7-BAAC-BCBD32A660CF}.Debug|Any CPU.ActiveCfg = Debug|Any CPU
		{9300E54C-338C-4AD7-BAAC-BCBD32A660CF}.Debug|Any CPU.Build.0 = Debug|Any CPU
		{9300E54C-338C-4AD7-BAAC-BCBD32A660CF}.Debug|ARM.ActiveCfg = Debug|ARM
		{9300E54C-338C-4AD7-BAAC-BCBD32A660CF}.Debug|ARM.Build.0 = Debug|ARM
		{9300E54C-338C-4AD7-BAAC-BCBD32A660CF}.Debug|x64.ActiveCfg = Debug|x64
		{9300E54C-338C-4AD7-BAAC-BCBD32A660CF}.Debug|x64.Build.0 = Debug|x64
		{9300E54C-338C-4AD7-BAAC-BCBD32A660CF}.Debug|x86.ActiveCfg = Debug|x86
		{9300E54C-338C-4AD7-BAAC-BCBD32A660CF}.Debug|x86.Build.0 = Debug|x86
		{9300E54C-338C-4AD7-BAAC-BCBD32A660CF}.Release|Any CPU.ActiveCfg = Release|Any CPU
		{9300E54C-338C-4AD7-BAAC-BCBD32A660CF}.Release|Any CPU.Build.0 = Release|Any CPU
		{9300E54C-338C-4AD7-BAAC-BCBD32A660CF}.Release|ARM.ActiveCfg = Release|ARM
		{9300E54C-338C-4AD7-BAAC-BCBD32A660CF}.Release|ARM.Build.0 = Release|ARM
		{9300E54C-338C-4AD7-BAAC-BCBD32A660CF}.Release|x64.ActiveCfg = Release|x64
		{9300E54C-338C-4AD7-BAAC-BCBD32A660CF}.Release|x64.Build.0 = Release|x64
		{9300E54C-338C-4AD7-BAAC-BCBD32A660CF}.Release|x86.ActiveCfg = Release|x86
		{9300E54C-338C-4AD7-BAAC-BCBD32A660CF}.Release|x86.Build.0 = Release|x86
		{F80F0765-6528-47A0-8692-D1D5C105A2E0}.Debug|Any CPU.ActiveCfg = Debug|Any CPU
		{F80F0765-6528-47A0-8692-D1D5C105A2E0}.Debug|Any CPU.Build.0 = Debug|Any CPU
		{F80F0765-6528-47A0-8692-D1D5C105A2E0}.Debug|ARM.ActiveCfg = Debug|ARM
		{F80F0765-6528-47A0-8692-D1D5C105A2E0}.Debug|ARM.Build.0 = Debug|ARM
		{F80F0765-6528-47A0-8692-D1D5C105A2E0}.Debug|x64.ActiveCfg = Debug|x64
		{F80F0765-6528-47A0-8692-D1D5C105A2E0}.Debug|x64.Build.0 = Debug|x64
		{F80F0765-6528-47A0-8692-D1D5C105A2E0}.Debug|x86.ActiveCfg = Debug|x86
		{F80F0765-6528-47A0-8692-D1D5C105A2E0}.Debug|x86.Build.0 = Debug|x86
		{F80F0765-6528-47A0-8692-D1D5C105A2E0}.Release|Any CPU.ActiveCfg = Release|Any CPU
		{F80F0765-6528-47A0-8692-D1D5C105A2E0}.Release|Any CPU.Build.0 = Release|Any CPU
		{F80F0765-6528-47A0-8692-D1D5C105A2E0}.Release|ARM.ActiveCfg = Release|ARM
		{F80F0765-6528-47A0-8692-D1D5C105A2E0}.Release|ARM.Build.0 = Release|ARM
		{F80F0765-6528-47A0-8692-D1D5C105A2E0}.Release|x64.ActiveCfg = Release|x64
		{F80F0765-6528-47A0-8692-D1D5C105A2E0}.Release|x64.Build.0 = Release|x64
		{F80F0765-6528-47A0-8692-D1D5C105A2E0}.Release|x86.ActiveCfg = Release|x86
		{F80F0765-6528-47A0-8692-D1D5C105A2E0}.Release|x86.Build.0 = Release|x86
	EndGlobalSection
	GlobalSection(SolutionProperties) = preSolution
		HideSolutionNode = FALSE
	EndGlobalSection
EndGlobal
